
Microsoft Visual Studio Solution File, Format Version 12.00
# Visual Studio Version 17
VisualStudioVersion = 17.5.33516.290
MinimumVisualStudioVersion = 10.0.40219.1
Project("{2150E333-8FDC-42A3-9474-1A3956D46DE8}") = "Services", "Services", "{DEEC9E7A-A24C-43CE-A101-D004A0FE697D}"
EndProject
Project("{9A19103F-16F7-4668-BE54-9A1E7A4F7556}") = "Catalog.API", "Services\Catalog.API\Catalog.API.csproj", "{A8C560A8-06DB-4A20-9623-519F7CBCF297}"
EndProject
Project("{9A19103F-16F7-4668-BE54-9A1E7A4F7556}") = "Basket.API", "Services\Basket.API\Basket.API.csproj", "{EF3FB301-6F4B-4FD8-9014-9C04520D1DFF}"
EndProject
Project("{9A19103F-16F7-4668-BE54-9A1E7A4F7556}") = "Discount.API", "Services\Discount.API\Discount.API.csproj", "{9EB7C02D-B4AE-4B75-A2CA-E81432DC8F17}"
EndProject
Project("{9A19103F-16F7-4668-BE54-9A1E7A4F7556}") = "Discount.Grpc", "Services\Discount.Grpc\Discount.Grpc.csproj", "{5E6C9D59-BC4E-40F3-BE59-B05D073F1231}"
EndProject
Global
	GlobalSection(SolutionConfigurationPlatforms) = preSolution
		Debug|Any CPU = Debug|Any CPU
		Release|Any CPU = Release|Any CPU
	EndGlobalSection
	GlobalSection(ProjectConfigurationPlatforms) = postSolution
		{A8C560A8-06DB-4A20-9623-519F7CBCF297}.Debug|Any CPU.ActiveCfg = Debug|Any CPU
		{A8C560A8-06DB-4A20-9623-519F7CBCF297}.Debug|Any CPU.Build.0 = Debug|Any CPU
		{A8C560A8-06DB-4A20-9623-519F7CBCF297}.Release|Any CPU.ActiveCfg = Release|Any CPU
		{A8C560A8-06DB-4A20-9623-519F7CBCF297}.Release|Any CPU.Build.0 = Release|Any CPU
		{EF3FB301-6F4B-4FD8-9014-9C04520D1DFF}.Debug|Any CPU.ActiveCfg = Debug|Any CPU
		{EF3FB301-6F4B-4FD8-9014-9C04520D1DFF}.Debug|Any CPU.Build.0 = Debug|Any CPU
		{EF3FB301-6F4B-4FD8-9014-9C04520D1DFF}.Release|Any CPU.ActiveCfg = Release|Any CPU
		{EF3FB301-6F4B-4FD8-9014-9C04520D1DFF}.Release|Any CPU.Build.0 = Release|Any CPU
		{9EB7C02D-B4AE-4B75-A2CA-E81432DC8F17}.Debug|Any CPU.ActiveCfg = Debug|Any CPU
		{9EB7C02D-B4AE-4B75-A2CA-E81432DC8F17}.Debug|Any CPU.Build.0 = Debug|Any CPU
		{9EB7C02D-B4AE-4B75-A2CA-E81432DC8F17}.Release|Any CPU.ActiveCfg = Release|Any CPU
		{9EB7C02D-B4AE-4B75-A2CA-E81432DC8F17}.Release|Any CPU.Build.0 = Release|Any CPU
		{5E6C9D59-BC4E-40F3-BE59-B05D073F1231}.Debug|Any CPU.ActiveCfg = Debug|Any CPU
		{5E6C9D59-BC4E-40F3-BE59-B05D073F1231}.Debug|Any CPU.Build.0 = Debug|Any CPU
		{5E6C9D59-BC4E-40F3-BE59-B05D073F1231}.Release|Any CPU.ActiveCfg = Release|Any CPU
		{5E6C9D59-BC4E-40F3-BE59-B05D073F1231}.Release|Any CPU.Build.0 = Release|Any CPU
	EndGlobalSection
	GlobalSection(SolutionProperties) = preSolution
		HideSolutionNode = FALSE
	EndGlobalSection
	GlobalSection(NestedProjects) = preSolution
		{A8C560A8-06DB-4A20-9623-519F7CBCF297} = {DEEC9E7A-A24C-43CE-A101-D004A0FE697D}
		{EF3FB301-6F4B-4FD8-9014-9C04520D1DFF} = {DEEC9E7A-A24C-43CE-A101-D004A0FE697D}
		{9EB7C02D-B4AE-4B75-A2CA-E81432DC8F17} = {DEEC9E7A-A24C-43CE-A101-D004A0FE697D}
		{5E6C9D59-BC4E-40F3-BE59-B05D073F1231} = {DEEC9E7A-A24C-43CE-A101-D004A0FE697D}
	EndGlobalSection
	GlobalSection(ExtensibilityGlobals) = postSolution
		SolutionGuid = {D2359D4E-4B76-439B-A600-B5B430051CF9}
	EndGlobalSection
EndGlobal
